// !$*UTF8*$!
{
	archiveVersion = 1;
	classes = {
	};
	objectVersion = 46;
	objects = {

/* Begin PBXBuildFile section */
		FA3676C81BF5189D003C3542 /* main.m in Sources */ = {isa = PBXBuildFile; fileRef = FA3676C71BF5189D003C3542 /* main.m */; };
		FA3676CB1BF5189D003C3542 /* AppDelegate.m in Sources */ = {isa = PBXBuildFile; fileRef = FA3676CA1BF5189D003C3542 /* AppDelegate.m */; };
		FA3676CE1BF5189D003C3542 /* ViewController.m in Sources */ = {isa = PBXBuildFile; fileRef = FA3676CD1BF5189D003C3542 /* ViewController.m */; };
		FA3676D11BF5189D003C3542 /* Main.storyboard in Resources */ = {isa = PBXBuildFile; fileRef = FA3676CF1BF5189D003C3542 /* Main.storyboard */; };
		FA3676D41BF5189D003C3542 /* Receipts__.xcdatamodeld in Sources */ = {isa = PBXBuildFile; fileRef = FA3676D21BF5189D003C3542 /* Receipts__.xcdatamodeld */; };
		FA3676D61BF5189D003C3542 /* Assets.xcassets in Resources */ = {isa = PBXBuildFile; fileRef = FA3676D51BF5189D003C3542 /* Assets.xcassets */; };
		FA3676D91BF5189D003C3542 /* LaunchScreen.storyboard in Resources */ = {isa = PBXBuildFile; fileRef = FA3676D71BF5189D003C3542 /* LaunchScreen.storyboard */; };
		FA3676E41BF5189D003C3542 /* Receipts__Tests.m in Sources */ = {isa = PBXBuildFile; fileRef = FA3676E31BF5189D003C3542 /* Receipts__Tests.m */; };
		FA3676EF1BF5189D003C3542 /* Receipts__UITests.m in Sources */ = {isa = PBXBuildFile; fileRef = FA3676EE1BF5189D003C3542 /* Receipts__UITests.m */; };
		FA3676FE1BF5203D003C3542 /* AddReceiptViewController.m in Sources */ = {isa = PBXBuildFile; fileRef = FA3676FD1BF5203D003C3542 /* AddReceiptViewController.m */; };
		FAF6970D1BF526B10032ADB0 /* Tag+CoreDataProperties.m in Sources */ = {isa = PBXBuildFile; fileRef = FAF697061BF526B10032ADB0 /* Tag+CoreDataProperties.m */; };
		FAF6970E1BF526B10032ADB0 /* Tag.m in Sources */ = {isa = PBXBuildFile; fileRef = FAF697081BF526B10032ADB0 /* Tag.m */; };
		FAF6970F1BF526B10032ADB0 /* Receipt+CoreDataProperties.m in Sources */ = {isa = PBXBuildFile; fileRef = FAF6970A1BF526B10032ADB0 /* Receipt+CoreDataProperties.m */; };
		FAF697101BF526B10032ADB0 /* Receipt.m in Sources */ = {isa = PBXBuildFile; fileRef = FAF6970C1BF526B10032ADB0 /* Receipt.m */; };
		FAF697191BF56A1D0032ADB0 /* CoreDataStack.m in Sources */ = {isa = PBXBuildFile; fileRef = FAF697181BF56A1D0032ADB0 /* CoreDataStack.m */; };
/* End PBXBuildFile section */

/* Begin PBXContainerItemProxy section */
		FA3676E01BF5189D003C3542 /* PBXContainerItemProxy */ = {
			isa = PBXContainerItemProxy;
			containerPortal = FA3676BB1BF5189D003C3542 /* Project object */;
			proxyType = 1;
			remoteGlobalIDString = FA3676C21BF5189D003C3542;
			remoteInfo = "Receipts++";
		};
		FA3676EB1BF5189D003C3542 /* PBXContainerItemProxy */ = {
			isa = PBXContainerItemProxy;
			containerPortal = FA3676BB1BF5189D003C3542 /* Project object */;
			proxyType = 1;
			remoteGlobalIDString = FA3676C21BF5189D003C3542;
			remoteInfo = "Receipts++";
		};
/* End PBXContainerItemProxy section */

/* Begin PBXFileReference section */
		FA3676C31BF5189D003C3542 /* Receipts++.app */ = {isa = PBXFileReference; explicitFileType = wrapper.application; includeInIndex = 0; path = "Receipts++.app"; sourceTree = BUILT_PRODUCTS_DIR; };
		FA3676C71BF5189D003C3542 /* main.m */ = {isa = PBXFileReference; lastKnownFileType = sourcecode.c.objc; path = main.m; sourceTree = "<group>"; };
		FA3676C91BF5189D003C3542 /* AppDelegate.h */ = {isa = PBXFileReference; lastKnownFileType = sourcecode.c.h; path = AppDelegate.h; sourceTree = "<group>"; };
		FA3676CA1BF5189D003C3542 /* AppDelegate.m */ = {isa = PBXFileReference; lastKnownFileType = sourcecode.c.objc; path = AppDelegate.m; sourceTree = "<group>"; };
		FA3676CC1BF5189D003C3542 /* ViewController.h */ = {isa = PBXFileReference; lastKnownFileType = sourcecode.c.h; path = ViewController.h; sourceTree = "<group>"; };
		FA3676CD1BF5189D003C3542 /* ViewController.m */ = {isa = PBXFileReference; lastKnownFileType = sourcecode.c.objc; path = ViewController.m; sourceTree = "<group>"; };
		FA3676D01BF5189D003C3542 /* Base */ = {isa = PBXFileReference; lastKnownFileType = file.storyboard; name = Base; path = Base.lproj/Main.storyboard; sourceTree = "<group>"; };
		FA3676D31BF5189D003C3542 /* Receipts__.xcdatamodel */ = {isa = PBXFileReference; lastKnownFileType = wrapper.xcdatamodel; path = Receipts__.xcdatamodel; sourceTree = "<group>"; };
		FA3676D51BF5189D003C3542 /* Assets.xcassets */ = {isa = PBXFileReference; lastKnownFileType = folder.assetcatalog; path = Assets.xcassets; sourceTree = "<group>"; };
		FA3676D81BF5189D003C3542 /* Base */ = {isa = PBXFileReference; lastKnownFileType = file.storyboard; name = Base; path = Base.lproj/LaunchScreen.storyboard; sourceTree = "<group>"; };
		FA3676DA1BF5189D003C3542 /* Info.plist */ = {isa = PBXFileReference; lastKnownFileType = text.plist.xml; path = Info.plist; sourceTree = "<group>"; };
		FA3676DF1BF5189D003C3542 /* Receipts++Tests.xctest */ = {isa = PBXFileReference; explicitFileType = wrapper.cfbundle; includeInIndex = 0; path = "Receipts++Tests.xctest"; sourceTree = BUILT_PRODUCTS_DIR; };
		FA3676E31BF5189D003C3542 /* Receipts__Tests.m */ = {isa = PBXFileReference; lastKnownFileType = sourcecode.c.objc; path = Receipts__Tests.m; sourceTree = "<group>"; };
		FA3676E51BF5189D003C3542 /* Info.plist */ = {isa = PBXFileReference; lastKnownFileType = text.plist.xml; path = Info.plist; sourceTree = "<group>"; };
		FA3676EA1BF5189D003C3542 /* Receipts++UITests.xctest */ = {isa = PBXFileReference; explicitFileType = wrapper.cfbundle; includeInIndex = 0; path = "Receipts++UITests.xctest"; sourceTree = BUILT_PRODUCTS_DIR; };
		FA3676EE1BF5189D003C3542 /* Receipts__UITests.m */ = {isa = PBXFileReference; lastKnownFileType = sourcecode.c.objc; path = Receipts__UITests.m; sourceTree = "<group>"; };
		FA3676F01BF5189D003C3542 /* Info.plist */ = {isa = PBXFileReference; lastKnownFileType = text.plist.xml; path = Info.plist; sourceTree = "<group>"; };
		FA3676FC1BF5203D003C3542 /* AddReceiptViewController.h */ = {isa = PBXFileReference; fileEncoding = 4; lastKnownFileType = sourcecode.c.h; path = AddReceiptViewController.h; sourceTree = "<group>"; };
		FA3676FD1BF5203D003C3542 /* AddReceiptViewController.m */ = {isa = PBXFileReference; fileEncoding = 4; lastKnownFileType = sourcecode.c.objc; path = AddReceiptViewController.m; sourceTree = "<group>"; };
		FAF697051BF526B10032ADB0 /* Tag+CoreDataProperties.h */ = {isa = PBXFileReference; fileEncoding = 4; lastKnownFileType = sourcecode.c.h; name = "Tag+CoreDataProperties.h"; path = "../Tag+CoreDataProperties.h"; sourceTree = "<group>"; };
		FAF697061BF526B10032ADB0 /* Tag+CoreDataProperties.m */ = {isa = PBXFileReference; fileEncoding = 4; lastKnownFileType = sourcecode.c.objc; name = "Tag+CoreDataProperties.m"; path = "../Tag+CoreDataProperties.m"; sourceTree = "<group>"; };
		FAF697071BF526B10032ADB0 /* Tag.h */ = {isa = PBXFileReference; fileEncoding = 4; lastKnownFileType = sourcecode.c.h; name = Tag.h; path = ../Tag.h; sourceTree = "<group>"; };
		FAF697081BF526B10032ADB0 /* Tag.m */ = {isa = PBXFileReference; fileEncoding = 4; lastKnownFileType = sourcecode.c.objc; name = Tag.m; path = ../Tag.m; sourceTree = "<group>"; };
		FAF697091BF526B10032ADB0 /* Receipt+CoreDataProperties.h */ = {isa = PBXFileReference; fileEncoding = 4; lastKnownFileType = sourcecode.c.h; name = "Receipt+CoreDataProperties.h"; path = "../Receipt+CoreDataProperties.h"; sourceTree = "<group>"; };
		FAF6970A1BF526B10032ADB0 /* Receipt+CoreDataProperties.m */ = {isa = PBXFileReference; fileEncoding = 4; lastKnownFileType = sourcecode.c.objc; name = "Receipt+CoreDataProperties.m"; path = "../Receipt+CoreDataProperties.m"; sourceTree = "<group>"; };
		FAF6970B1BF526B10032ADB0 /* Receipt.h */ = {isa = PBXFileReference; fileEncoding = 4; lastKnownFileType = sourcecode.c.h; name = Receipt.h; path = ../Receipt.h; sourceTree = "<group>"; };
		FAF6970C1BF526B10032ADB0 /* Receipt.m */ = {isa = PBXFileReference; fileEncoding = 4; lastKnownFileType = sourcecode.c.objc; name = Receipt.m; path = ../Receipt.m; sourceTree = "<group>"; };
		FAF697171BF56A1D0032ADB0 /* CoreDataStack.h */ = {isa = PBXFileReference; fileEncoding = 4; lastKnownFileType = sourcecode.c.h; path = CoreDataStack.h; sourceTree = "<group>"; };
		FAF697181BF56A1D0032ADB0 /* CoreDataStack.m */ = {isa = PBXFileReference; fileEncoding = 4; lastKnownFileType = sourcecode.c.objc; path = CoreDataStack.m; sourceTree = "<group>"; };
/* End PBXFileReference section */

/* Begin PBXFrameworksBuildPhase section */
		FA3676C01BF5189D003C3542 /* Frameworks */ = {
			isa = PBXFrameworksBuildPhase;
			buildActionMask = 2147483647;
			files = (
			);
			runOnlyForDeploymentPostprocessing = 0;
		};
		FA3676DC1BF5189D003C3542 /* Frameworks */ = {
			isa = PBXFrameworksBuildPhase;
			buildActionMask = 2147483647;
			files = (
			);
			runOnlyForDeploymentPostprocessing = 0;
		};
		FA3676E71BF5189D003C3542 /* Frameworks */ = {
			isa = PBXFrameworksBuildPhase;
			buildActionMask = 2147483647;
			files = (
			);
			runOnlyForDeploymentPostprocessing = 0;
		};
/* End PBXFrameworksBuildPhase section */

/* Begin PBXGroup section */
		FA3676BA1BF5189D003C3542 = {
			isa = PBXGroup;
			children = (
				FA3676C51BF5189D003C3542 /* Receipts++ */,
				FA3676E21BF5189D003C3542 /* Receipts++Tests */,
				FA3676ED1BF5189D003C3542 /* Receipts++UITests */,
				FA3676C41BF5189D003C3542 /* Products */,
			);
			sourceTree = "<group>";
		};
		FA3676C41BF5189D003C3542 /* Products */ = {
			isa = PBXGroup;
			children = (
				FA3676C31BF5189D003C3542 /* Receipts++.app */,
				FA3676DF1BF5189D003C3542 /* Receipts++Tests.xctest */,
				FA3676EA1BF5189D003C3542 /* Receipts++UITests.xctest */,
			);
			name = Products;
			sourceTree = "<group>";
		};
		FA3676C51BF5189D003C3542 /* Receipts++ */ = {
			isa = PBXGroup;
			children = (
				FAF6971A1BF56A380032ADB0 /* Core Data Stack */,
				FAF697121BF52DBF0032ADB0 /* Controllers */,
				FAF697111BF52D930032ADB0 /* Managed Objects */,
				FA3676CF1BF5189D003C3542 /* Main.storyboard */,
				FA3676C61BF5189D003C3542 /* Supporting Files */,
			);
			path = "Receipts++";
			sourceTree = "<group>";
		};
		FA3676C61BF5189D003C3542 /* Supporting Files */ = {
			isa = PBXGroup;
			children = (
				FA3676C91BF5189D003C3542 /* AppDelegate.h */,
				FA3676CA1BF5189D003C3542 /* AppDelegate.m */,
				FA3676D51BF5189D003C3542 /* Assets.xcassets */,
				FA3676D71BF5189D003C3542 /* LaunchScreen.storyboard */,
				FA3676DA1BF5189D003C3542 /* Info.plist */,
				FA3676C71BF5189D003C3542 /* main.m */,
			);
			name = "Supporting Files";
			sourceTree = "<group>";
		};
		FA3676E21BF5189D003C3542 /* Receipts++Tests */ = {
			isa = PBXGroup;
			children = (
				FA3676E31BF5189D003C3542 /* Receipts__Tests.m */,
				FA3676E51BF5189D003C3542 /* Info.plist */,
			);
			path = "Receipts++Tests";
			sourceTree = "<group>";
		};
		FA3676ED1BF5189D003C3542 /* Receipts++UITests */ = {
			isa = PBXGroup;
			children = (
				FA3676EE1BF5189D003C3542 /* Receipts__UITests.m */,
				FA3676F01BF5189D003C3542 /* Info.plist */,
			);
			path = "Receipts++UITests";
			sourceTree = "<group>";
		};
		FAF697111BF52D930032ADB0 /* Managed Objects */ = {
			isa = PBXGroup;
			children = (
				FAF697051BF526B10032ADB0 /* Tag+CoreDataProperties.h */,
				FAF697061BF526B10032ADB0 /* Tag+CoreDataProperties.m */,
				FAF697071BF526B10032ADB0 /* Tag.h */,
				FAF697081BF526B10032ADB0 /* Tag.m */,
				FAF697091BF526B10032ADB0 /* Receipt+CoreDataProperties.h */,
				FAF6970A1BF526B10032ADB0 /* Receipt+CoreDataProperties.m */,
				FAF6970B1BF526B10032ADB0 /* Receipt.h */,
				FAF6970C1BF526B10032ADB0 /* Receipt.m */,
			);
			name = "Managed Objects";
			sourceTree = "<group>";
		};
		FAF697121BF52DBF0032ADB0 /* Controllers */ = {
			isa = PBXGroup;
			children = (
				FA3676CC1BF5189D003C3542 /* ViewController.h */,
				FA3676CD1BF5189D003C3542 /* ViewController.m */,
				FA3676FC1BF5203D003C3542 /* AddReceiptViewController.h */,
				FA3676FD1BF5203D003C3542 /* AddReceiptViewController.m */,
			);
			name = Controllers;
			sourceTree = "<group>";
		};
		FAF6971A1BF56A380032ADB0 /* Core Data Stack */ = {
			isa = PBXGroup;
			children = (
				FAF697171BF56A1D0032ADB0 /* CoreDataStack.h */,
				FAF697181BF56A1D0032ADB0 /* CoreDataStack.m */,
				FA3676D21BF5189D003C3542 /* Receipts__.xcdatamodeld */,
			);
			name = "Core Data Stack";
			sourceTree = "<group>";
		};
/* End PBXGroup section */

/* Begin PBXNativeTarget section */
		FA3676C21BF5189D003C3542 /* Receipts++ */ = {
			isa = PBXNativeTarget;
			buildConfigurationList = FA3676F31BF5189D003C3542 /* Build configuration list for PBXNativeTarget "Receipts++" */;
			buildPhases = (
				FA3676BF1BF5189D003C3542 /* Sources */,
				FA3676C01BF5189D003C3542 /* Frameworks */,
				FA3676C11BF5189D003C3542 /* Resources */,
			);
			buildRules = (
			);
			dependencies = (
			);
			name = "Receipts++";
			productName = "Receipts++";
			productReference = FA3676C31BF5189D003C3542 /* Receipts++.app */;
			productType = "com.apple.product-type.application";
		};
		FA3676DE1BF5189D003C3542 /* Receipts++Tests */ = {
			isa = PBXNativeTarget;
			buildConfigurationList = FA3676F61BF5189D003C3542 /* Build configuration list for PBXNativeTarget "Receipts++Tests" */;
			buildPhases = (
				FA3676DB1BF5189D003C3542 /* Sources */,
				FA3676DC1BF5189D003C3542 /* Frameworks */,
				FA3676DD1BF5189D003C3542 /* Resources */,
			);
			buildRules = (
			);
			dependencies = (
				FA3676E11BF5189D003C3542 /* PBXTargetDependency */,
			);
			name = "Receipts++Tests";
			productName = "Receipts++Tests";
			productReference = FA3676DF1BF5189D003C3542 /* Receipts++Tests.xctest */;
			productType = "com.apple.product-type.bundle.unit-test";
		};
		FA3676E91BF5189D003C3542 /* Receipts++UITests */ = {
			isa = PBXNativeTarget;
			buildConfigurationList = FA3676F91BF5189D003C3542 /* Build configuration list for PBXNativeTarget "Receipts++UITests" */;
			buildPhases = (
				FA3676E61BF5189D003C3542 /* Sources */,
				FA3676E71BF5189D003C3542 /* Frameworks */,
				FA3676E81BF5189D003C3542 /* Resources */,
			);
			buildRules = (
			);
			dependencies = (
				FA3676EC1BF5189D003C3542 /* PBXTargetDependency */,
			);
			name = "Receipts++UITests";
			productName = "Receipts++UITests";
			productReference = FA3676EA1BF5189D003C3542 /* Receipts++UITests.xctest */;
			productType = "com.apple.product-type.bundle.ui-testing";
		};
/* End PBXNativeTarget section */

/* Begin PBXProject section */
		FA3676BB1BF5189D003C3542 /* Project object */ = {
			isa = PBXProject;
			attributes = {
				LastUpgradeCheck = 0710;
				ORGANIZATIONNAME = Alex;
				TargetAttributes = {
					FA3676C21BF5189D003C3542 = {
						CreatedOnToolsVersion = 7.1;
					};
					FA3676DE1BF5189D003C3542 = {
						CreatedOnToolsVersion = 7.1;
						TestTargetID = FA3676C21BF5189D003C3542;
					};
					FA3676E91BF5189D003C3542 = {
						CreatedOnToolsVersion = 7.1;
						TestTargetID = FA3676C21BF5189D003C3542;
					};
				};
			};
			buildConfigurationList = FA3676BE1BF5189D003C3542 /* Build configuration list for PBXProject "Receipts++" */;
			compatibilityVersion = "Xcode 3.2";
			developmentRegion = English;
			hasScannedForEncodings = 0;
			knownRegions = (
				en,
				Base,
			);
			mainGroup = FA3676BA1BF5189D003C3542;
			productRefGroup = FA3676C41BF5189D003C3542 /* Products */;
			projectDirPath = "";
			projectRoot = "";
			targets = (
				FA3676C21BF5189D003C3542 /* Receipts++ */,
				FA3676DE1BF5189D003C3542 /* Receipts++Tests */,
				FA3676E91BF5189D003C3542 /* Receipts++UITests */,
			);
		};
/* End PBXProject section */

/* Begin PBXResourcesBuildPhase section */
		FA3676C11BF5189D003C3542 /* Resources */ = {
			isa = PBXResourcesBuildPhase;
			buildActionMask = 2147483647;
			files = (
				FA3676D91BF5189D003C3542 /* LaunchScreen.storyboard in Resources */,
				FA3676D61BF5189D003C3542 /* Assets.xcassets in Resources */,
				FA3676D11BF5189D003C3542 /* Main.storyboard in Resources */,
			);
			runOnlyForDeploymentPostprocessing = 0;
		};
		FA3676DD1BF5189D003C3542 /* Resources */ = {
			isa = PBXResourcesBuildPhase;
			buildActionMask = 2147483647;
			files = (
			);
			runOnlyForDeploymentPostprocessing = 0;
		};
		FA3676E81BF5189D003C3542 /* Resources */ = {
			isa = PBXResourcesBuildPhase;
			buildActionMask = 2147483647;
			files = (
			);
			runOnlyForDeploymentPostprocessing = 0;
		};
/* End PBXResourcesBuildPhase section */

/* Begin PBXSourcesBuildPhase section */
		FA3676BF1BF5189D003C3542 /* Sources */ = {
			isa = PBXSourcesBuildPhase;
			buildActionMask = 2147483647;
			files = (
				FAF6970D1BF526B10032ADB0 /* Tag+CoreDataProperties.m in Sources */,
				FA3676D41BF5189D003C3542 /* Receipts__.xcdatamodeld in Sources */,
				FA3676FE1BF5203D003C3542 /* AddReceiptViewController.m in Sources */,
				FAF6970E1BF526B10032ADB0 /* Tag.m in Sources */,
				FA3676CE1BF5189D003C3542 /* ViewController.m in Sources */,
				FAF697191BF56A1D0032ADB0 /* CoreDataStack.m in Sources */,
				FA3676CB1BF5189D003C3542 /* AppDelegate.m in Sources */,
				FAF6970F1BF526B10032ADB0 /* Receipt+CoreDataProperties.m in Sources */,
				FA3676C81BF5189D003C3542 /* main.m in Sources */,
				FAF697101BF526B10032ADB0 /* Receipt.m in Sources */,
			);
			runOnlyForDeploymentPostprocessing = 0;
		};
		FA3676DB1BF5189D003C3542 /* Sources */ = {
			isa = PBXSourcesBuildPhase;
			buildActionMask = 2147483647;
			files = (
				FA3676E41BF5189D003C3542 /* Receipts__Tests.m in Sources */,
			);
			runOnlyForDeploymentPostprocessing = 0;
		};
		FA3676E61BF5189D003C3542 /* Sources */ = {
			isa = PBXSourcesBuildPhase;
			buildActionMask = 2147483647;
			files = (
				FA3676EF1BF5189D003C3542 /* Receipts__UITests.m in Sources */,
			);
			runOnlyForDeploymentPostprocessing = 0;
		};
/* End PBXSourcesBuildPhase section */

/* Begin PBXTargetDependency section */
		FA3676E11BF5189D003C3542 /* PBXTargetDependency */ = {
			isa = PBXTargetDependency;
			target = FA3676C21BF5189D003C3542 /* Receipts++ */;
			targetProxy = FA3676E01BF5189D003C3542 /* PBXContainerItemProxy */;
		};
		FA3676EC1BF5189D003C3542 /* PBXTargetDependency */ = {
			isa = PBXTargetDependency;
			target = FA3676C21BF5189D003C3542 /* Receipts++ */;
			targetProxy = FA3676EB1BF5189D003C3542 /* PBXContainerItemProxy */;
		};
/* End PBXTargetDependency section */

/* Begin PBXVariantGroup section */
		FA3676CF1BF5189D003C3542 /* Main.storyboard */ = {
			isa = PBXVariantGroup;
			children = (
				FA3676D01BF5189D003C3542 /* Base */,
			);
			name = Main.storyboard;
			sourceTree = "<group>";
		};
		FA3676D71BF5189D003C3542 /* LaunchScreen.storyboard */ = {
			isa = PBXVariantGroup;
			children = (
				FA3676D81BF5189D003C3542 /* Base */,
			);
			name = LaunchScreen.storyboard;
			sourceTree = "<group>";
		};
/* End PBXVariantGroup section */

/* Begin XCBuildConfiguration section */
		FA3676F11BF5189D003C3542 /* Debug */ = {
			isa = XCBuildConfiguration;
			buildSettings = {
				ALWAYS_SEARCH_USER_PATHS = NO;
				CLANG_CXX_LANGUAGE_STANDARD = "gnu++0x";
				CLANG_CXX_LIBRARY = "libc++";
				CLANG_ENABLE_MODULES = YES;
				CLANG_ENABLE_OBJC_ARC = YES;
				CLANG_WARN_BOOL_CONVERSION = YES;
				CLANG_WARN_CONSTANT_CONVERSION = YES;
				CLANG_WARN_DIRECT_OBJC_ISA_USAGE = YES_ERROR;
				CLANG_WARN_EMPTY_BODY = YES;
				CLANG_WARN_ENUM_CONVERSION = YES;
				CLANG_WARN_INT_CONVERSION = YES;
				CLANG_WARN_OBJC_ROOT_CLASS = YES_ERROR;
				CLANG_WARN_UNREACHABLE_CODE = YES;
				CLANG_WARN__DUPLICATE_METHOD_MATCH = YES;
				"CODE_SIGN_IDENTITY[sdk=iphoneos*]" = "iPhone Developer";
				COPY_PHASE_STRIP = NO;
				DEBUG_INFORMATION_FORMAT = dwarf;
				ENABLE_STRICT_OBJC_MSGSEND = YES;
				ENABLE_TESTABILITY = YES;
				GCC_C_LANGUAGE_STANDARD = gnu99;
				GCC_DYNAMIC_NO_PIC = NO;
				GCC_NO_COMMON_BLOCKS = YES;
				GCC_OPTIMIZATION_LEVEL = 0;
				GCC_PREPROCESSOR_DEFINITIONS = (
					"DEBUG=1",
					"$(inherited)",
				);
				GCC_WARN_64_TO_32_BIT_CONVERSION = YES;
				GCC_WARN_ABOUT_RETURN_TYPE = YES_ERROR;
				GCC_WARN_UNDECLARED_SELECTOR = YES;
				GCC_WARN_UNINITIALIZED_AUTOS = YES_AGGRESSIVE;
				GCC_WARN_UNUSED_FUNCTION = YES;
				GCC_WARN_UNUSED_VARIABLE = YES;
				IPHONEOS_DEPLOYMENT_TARGET = 9.1;
				MTL_ENABLE_DEBUG_INFO = YES;
				ONLY_ACTIVE_ARCH = YES;
				SDKROOT = iphoneos;
			};
			name = Debug;
		};
		FA3676F21BF5189D003C3542 /* Release */ = {
			isa = XCBuildConfiguration;
			buildSettings = {
				ALWAYS_SEARCH_USER_PATHS = NO;
				CLANG_CXX_LANGUAGE_STANDARD = "gnu++0x";
				CLANG_CXX_LIBRARY = "libc++";
				CLANG_ENABLE_MODULES = YES;
				CLANG_ENABLE_OBJC_ARC = YES;
				CLANG_WARN_BOOL_CONVERSION = YES;
				CLANG_WARN_CONSTANT_CONVERSION = YES;
				CLANG_WARN_DIRECT_OBJC_ISA_USAGE = YES_ERROR;
				CLANG_WARN_EMPTY_BODY = YES;
				CLANG_WARN_ENUM_CONVERSION = YES;
				CLANG_WARN_INT_CONVERSION = YES;
				CLANG_WARN_OBJC_ROOT_CLASS = YES_ERROR;
				CLANG_WARN_UNREACHABLE_CODE = YES;
				CLANG_WARN__DUPLICATE_METHOD_MATCH = YES;
				"CODE_SIGN_IDENTITY[sdk=iphoneos*]" = "iPhone Developer";
				COPY_PHASE_STRIP = NO;
				DEBUG_INFORMATION_FORMAT = "dwarf-with-dsym";
				ENABLE_NS_ASSERTIONS = NO;
				ENABLE_STRICT_OBJC_MSGSEND = YES;
				GCC_C_LANGUAGE_STANDARD = gnu99;
				GCC_NO_COMMON_BLOCKS = YES;
				GCC_WARN_64_TO_32_BIT_CONVERSION = YES;
				GCC_WARN_ABOUT_RETURN_TYPE = YES_ERROR;
				GCC_WARN_UNDECLARED_SELECTOR = YES;
				GCC_WARN_UNINITIALIZED_AUTOS = YES_AGGRESSIVE;
				GCC_WARN_UNUSED_FUNCTION = YES;
				GCC_WARN_UNUSED_VARIABLE = YES;
				IPHONEOS_DEPLOYMENT_TARGET = 9.1;
				MTL_ENABLE_DEBUG_INFO = NO;
				SDKROOT = iphoneos;
				VALIDATE_PRODUCT = YES;
			};
			name = Release;
		};
		FA3676F41BF5189D003C3542 /* Debug */ = {
			isa = XCBuildConfiguration;
			buildSettings = {
				ASSETCATALOG_COMPILER_APPICON_NAME = AppIcon;
				INFOPLIST_FILE = "Receipts++/Info.plist";
				LD_RUNPATH_SEARCH_PATHS = "$(inherited) @executable_path/Frameworks";
				PRODUCT_BUNDLE_IDENTIFIER = "com.dcalexrobertson.Receipts--";
				PRODUCT_NAME = "$(TARGET_NAME)";
			};
			name = Debug;
		};
		FA3676F51BF5189D003C3542 /* Release */ = {
			isa = XCBuildConfiguration;
			buildSettings = {
				ASSETCATALOG_COMPILER_APPICON_NAME = AppIcon;
				INFOPLIST_FILE = "Receipts++/Info.plist";
				LD_RUNPATH_SEARCH_PATHS = "$(inherited) @executable_path/Frameworks";
				PRODUCT_BUNDLE_IDENTIFIER = "com.dcalexrobertson.Receipts--";
				PRODUCT_NAME = "$(TARGET_NAME)";
			};
			name = Release;
		};
		FA3676F71BF5189D003C3542 /* Debug */ = {
			isa = XCBuildConfiguration;
			buildSettings = {
				BUNDLE_LOADER = "$(TEST_HOST)";
				INFOPLIST_FILE = "Receipts++Tests/Info.plist";
				LD_RUNPATH_SEARCH_PATHS = "$(inherited) @executable_path/Frameworks @loader_path/Frameworks";
				PRODUCT_BUNDLE_IDENTIFIER = "com.dcalexrobertson.Receipts--Tests";
				PRODUCT_NAME = "$(TARGET_NAME)";
				TEST_HOST = "$(BUILT_PRODUCTS_DIR)/Receipts++.app/Receipts++";
			};
			name = Debug;
		};
		FA3676F81BF5189D003C3542 /* Release */ = {
			isa = XCBuildConfiguration;
			buildSettings = {
				BUNDLE_LOADER = "$(TEST_HOST)";
				INFOPLIST_FILE = "Receipts++Tests/Info.plist";
				LD_RUNPATH_SEARCH_PATHS = "$(inherited) @executable_path/Frameworks @loader_path/Frameworks";
				PRODUCT_BUNDLE_IDENTIFIER = "com.dcalexrobertson.Receipts--Tests";
				PRODUCT_NAME = "$(TARGET_NAME)";
				TEST_HOST = "$(BUILT_PRODUCTS_DIR)/Receipts++.app/Receipts++";
			};
			name = Release;
		};
		FA3676FA1BF5189D003C3542 /* Debug */ = {
			isa = XCBuildConfiguration;
			buildSettings = {
				INFOPLIST_FILE = "Receipts++UITests/Info.plist";
				LD_RUNPATH_SEARCH_PATHS = "$(inherited) @executable_path/Frameworks @loader_path/Frameworks";
				PRODUCT_BUNDLE_IDENTIFIER = "com.dcalexrobertson.Receipts--UITests";
				PRODUCT_NAME = "$(TARGET_NAME)";
				TEST_TARGET_NAME = "Receipts++";
				USES_XCTRUNNER = YES;
			};
			name = Debug;
		};
		FA3676FB1BF5189D003C3542 /* Release */ = {
			isa = XCBuildConfiguration;
			buildSettings = {
				INFOPLIST_FILE = "Receipts++UITests/Info.plist";
				LD_RUNPATH_SEARCH_PATHS = "$(inherited) @executable_path/Frameworks @loader_path/Frameworks";
				PRODUCT_BUNDLE_IDENTIFIER = "com.dcalexrobertson.Receipts--UITests";
				PRODUCT_NAME = "$(TARGET_NAME)";
				TEST_TARGET_NAME = "Receipts++";
				USES_XCTRUNNER = YES;
			};
			name = Release;
		};
/* End XCBuildConfiguration section */

/* Begin XCConfigurationList section */
		FA3676BE1BF5189D003C3542 /* Build configuration list for PBXProject "Receipts++" */ = {
			isa = XCConfigurationList;
			buildConfigurations = (
				FA3676F11BF5189D003C3542 /* Debug */,
				FA3676F21BF5189D003C3542 /* Release */,
			);
			defaultConfigurationIsVisible = 0;
			defaultConfigurationName = Release;
		};
		FA3676F31BF5189D003C3542 /* Build configuration list for PBXNativeTarget "Receipts++" */ = {
			isa = XCConfigurationList;
			buildConfigurations = (
				FA3676F41BF5189D003C3542 /* Debug */,
				FA3676F51BF5189D003C3542 /* Release */,
			);
			defaultConfigurationIsVisible = 0;
			defaultConfigurationName = Release;
		};
		FA3676F61BF5189D003C3542 /* Build configuration list for PBXNativeTarget "Receipts++Tests" */ = {
			isa = XCConfigurationList;
			buildConfigurations = (
				FA3676F71BF5189D003C3542 /* Debug */,
				FA3676F81BF5189D003C3542 /* Release */,
			);
			defaultConfigurationIsVisible = 0;
			defaultConfigurationName = Release;
		};
		FA3676F91BF5189D003C3542 /* Build configuration list for PBXNativeTarget "Receipts++UITests" */ = {
			isa = XCConfigurationList;
			buildConfigurations = (
				FA3676FA1BF5189D003C3542 /* Debug */,
				FA3676FB1BF5189D003C3542 /* Release */,
			);
			defaultConfigurationIsVisible = 0;
			defaultConfigurationName = Release;
		};
/* End XCConfigurationList section */

/* Begin XCVersionGroup section */
		FA3676D21BF5189D003C3542 /* Receipts__.xcdatamodeld */ = {
			isa = XCVersionGroup;
			children = (
				FA3676D31BF5189D003C3542 /* Receipts__.xcdatamodel */,
			);
			currentVersion = FA3676D31BF5189D003C3542 /* Receipts__.xcdatamodel */;
			path = Receipts__.xcdatamodeld;
			sourceTree = "<group>";
			versionGroupType = wrapper.xcdatamodel;
		};
/* End XCVersionGroup section */
	};
	rootObject = FA3676BB1BF5189D003C3542 /* Project object */;
}
